// Mac-style project file format
{
    archiveVersion = 1;
    classes = {
    };
    objectVersion = 56;
    objects = {
        /* Begin PBXBuildFile section */
        8A1B2C3D4E5F6G7H /* ViewController.swift in Sources */ = {isa = PBXBuildFile; fileRef = 8A1B2C3D4E5F6G7I /* ViewController.swift */; };
        /* End PBXBuildFile section */
        
        /* Begin PBXFileReference section */
        8A1B2C3D4E5F6G7I /* ViewController.swift */ = {isa = PBXFileReference; lastKnownFileType = sourcecode.swift; name = ViewController.swift; path = src/ViewControllers/ViewController.swift; sourceTree = "<group>"; };
        8A1B2C3D4E5F6G7J /* ios-app.app */ = {isa = PBXFileReference; explicitFileType = wrapper.application; includeInIndex = 0; path = "ios-app.app"; sourceTree = BUILT_PRODUCTS_DIR; };
        /* End PBXFileReference section */
        
        /* Begin PBXFrameworksBuildPhase section */
        8A1B2C3D4E5F6G7R /* Frameworks */ = {
            isa = PBXFrameworksBuildPhase;
            buildPhases = (
            );
            runOnlyForDeploymentPostprocessing = 0;
        };
        /* End PBXFrameworksBuildPhase section */
        
        /* Begin PBXGroup section */
        8A1B2C3D4E5F6G7S /* Products */ = {
            isa = PBXGroup;
            children = (
                8A1B2C3D4E5F6G7J /* ios-app.app */,
            );
            name = Products;
            sourceTree = "<group>";
        };
        8A1B2C3D4E5F6G7K /* ios-app */ = {
            isa = PBXGroup;
            children = (
                8A1B2C3D4E5F6G7I /* ViewController.swift */,
            );
            path = "ios-app";
            sourceTree = "<group>";
        };
        8A1B2C3D4E5F6G7T = {
            isa = PBXGroup;
            children = (
                8A1B2C3D4E5F6G7K /* ios-app */,
                8A1B2C3D4E5F6G7S /* Products */,
            );
            sourceTree = "<group>";
        };
        /* End PBXGroup section */
        
        /* Begin PBXNativeTarget section */
        8A1B2C3D4E5F6G7L /* ios-app */ = {
            isa = PBXNativeTarget;
            buildConfigurationList = 8A1B2C3D4E5F6G7M /* Build configuration list for PBXNativeTarget "ios-app" */;
            buildPhases = (
                8A1B2C3D4E5F6G7N /* Sources */,
                8A1B2C3D4E5F6G7R /* Frameworks */,
            );
            buildRules = (
            );
            dependencies = (
            );
            name = "ios-app";
            packageProductDependencies = (
                8A1B2C3D4E5F6G7O /* DGCharts */,
            );
            productName = "ios-app";
            productReference = 8A1B2C3D4E5F6G7J /* ios-app.app */;
            productType = "com.apple.product-type.application";
        };
        /* End PBXNativeTarget section */
        
        /* Begin XCBuildConfiguration section */
        8A1B2C3D4E5F6G7P /* Debug */ = {
            isa = XCBuildConfiguration;
            buildSettings = {
                IPHONEOS_DEPLOYMENT_TARGET = 13.0;
                SWIFT_VERSION = 5.0;
            };
            name = Debug;
        };
        /* End XCBuildConfiguration section */
        
        /* Begin XCRemoteSwiftPackageReference section */
        8A1B2C3D4E5F6G7Q /* XCRemoteSwiftPackageReference "Charts" */ = {
            isa = XCRemoteSwiftPackageReference;
            repositoryURL = "https://github.com/danielgindi/Charts.git";
            requirement = {
                kind = upToNextMajorVersion;
                minimumVersion = 4.1.0;
            };
        };
        /* End XCRemoteSwiftPackageReference section */
        
        /* Begin XCSwiftPackageProductDependency section */
        8A1B2C3D4E5F6G7O /* DGCharts */ = {
            isa = XCSwiftPackageProductDependency;
            package = 8A1B2C3D4E5F6G7Q /* XCRemoteSwiftPackageReference "Charts" */;
            productName = DGCharts;
        };
        /* End XCSwiftPackageProductDependency */
    };
    rootObject = 29B97313FDCFA39411CA2CEA /* Project object */;
}